
Microsoft Visual Studio Solution File, Format Version 12.00
# Visual Studio Version 16
VisualStudioVersion = 16.0.30804.86
MinimumVisualStudioVersion = 10.0.40219.1
Project("{FAE04EC0-301F-11D3-BF4B-00C04F79EFBC}") = "NetCoreTransientScopedSingleton", "NetCoreTransientScopedSingleton\NetCoreTransientScopedSingleton.csproj", "{6278E3E3-6007-4CEF-99F3-11839F33AAF3}"
EndProject
Global
	GlobalSection(SolutionConfigurationPlatforms) = preSolution
		Debug|Any CPU = Debug|Any CPU
		Release|Any CPU = Release|Any CPU
	EndGlobalSection
	GlobalSection(ProjectConfigurationPlatforms) = postSolution
		{6278E3E3-6007-4CEF-99F3-11839F33AAF3}.Debug|Any CPU.ActiveCfg = Debug|Any CPU
		{6278E3E3-6007-4CEF-99F3-11839F33AAF3}.Debug|Any CPU.Build.0 = Debug|Any CPU
		{6278E3E3-6007-4CEF-99F3-11839F33AAF3}.Release|Any CPU.ActiveCfg = Release|Any CPU
		{6278E3E3-6007-4CEF-99F3-11839F33AAF3}.Release|Any CPU.Build.0 = Release|Any CPU
	EndGlobalSection
	GlobalSection(SolutionProperties) = preSolution
		HideSolutionNode = FALSE
	EndGlobalSection
	GlobalSection(ExtensibilityGlobals) = postSolution
		SolutionGuid = {CBC708C4-77F0-4C46-8328-D15E01D2F9ED}
	EndGlobalSection
EndGlobal
